
Microsoft Visual Studio Solution File, Format Version 12.00
# Visual Studio Version 17
VisualStudioVersion = 17.13.35818.85
MinimumVisualStudioVersion = 10.0.40219.1
Project("{FAE04EC0-301F-11D3-BF4B-00C04F79EFBC}") = "Tubes_kpl_kel 4", "Tubes_kpl_kel 4\Tubes_kpl_kel 4.csproj", "{A7CA23AE-5811-4F4C-B986-4E5562447BDE}"
EndProject
Project("{FAE04EC0-301F-11D3-BF4B-00C04F79EFBC}") = "UnitTestProject1", "UnitTestProject1\UnitTestProject1.csproj", "{F1AABAB3-D7B4-4787-9CEE-828B5B6B1923}"
EndProject
Project("{FAE04EC0-301F-11D3-BF4B-00C04F79EFBC}") = "API", "API\API.csproj", "{515C02AD-E4A3-47A7-A778-3887E423DAA6}"
EndProject
Global
	GlobalSection(SolutionConfigurationPlatforms) = preSolution
		Debug|Any CPU = Debug|Any CPU
		Release|Any CPU = Release|Any CPU
	EndGlobalSection
	GlobalSection(ProjectConfigurationPlatforms) = postSolution
		{A7CA23AE-5811-4F4C-B986-4E5562447BDE}.Debug|Any CPU.ActiveCfg = Debug|Any CPU
		{A7CA23AE-5811-4F4C-B986-4E5562447BDE}.Debug|Any CPU.Build.0 = Debug|Any CPU
		{A7CA23AE-5811-4F4C-B986-4E5562447BDE}.Release|Any CPU.ActiveCfg = Release|Any CPU
		{A7CA23AE-5811-4F4C-B986-4E5562447BDE}.Release|Any CPU.Build.0 = Release|Any CPU
		{F1AABAB3-D7B4-4787-9CEE-828B5B6B1923}.Debug|Any CPU.ActiveCfg = Debug|Any CPU
		{F1AABAB3-D7B4-4787-9CEE-828B5B6B1923}.Debug|Any CPU.Build.0 = Debug|Any CPU
		{F1AABAB3-D7B4-4787-9CEE-828B5B6B1923}.Release|Any CPU.ActiveCfg = Release|Any CPU
		{F1AABAB3-D7B4-4787-9CEE-828B5B6B1923}.Release|Any CPU.Build.0 = Release|Any CPU
		{515C02AD-E4A3-47A7-A778-3887E423DAA6}.Debug|Any CPU.ActiveCfg = Debug|Any CPU
		{515C02AD-E4A3-47A7-A778-3887E423DAA6}.Debug|Any CPU.Build.0 = Debug|Any CPU
		{515C02AD-E4A3-47A7-A778-3887E423DAA6}.Release|Any CPU.ActiveCfg = Release|Any CPU
		{515C02AD-E4A3-47A7-A778-3887E423DAA6}.Release|Any CPU.Build.0 = Release|Any CPU
	EndGlobalSection
	GlobalSection(SolutionProperties) = preSolution
		HideSolutionNode = FALSE
	EndGlobalSection
	GlobalSection(ExtensibilityGlobals) = postSolution
		SolutionGuid = {837A3594-34E1-469E-A6F5-D07BB740249C}
	EndGlobalSection
EndGlobal
